
Microsoft Visual Studio Solution File, Format Version 12.00
# Visual Studio Version 16
VisualStudioVersion = 16.0.32802.399
MinimumVisualStudioVersion = 10.0.40219.1
Project("{FAE04EC0-301F-11D3-BF4B-00C04F79EFBC}") = "NotificationService", "NotificationService\NotificationService.csproj", "{B5797A25-5437-4613-BD17-D5BFE76BBB02}"
EndProject
Global
	GlobalSection(SolutionConfigurationPlatforms) = preSolution
		Debug|Any CPU = Debug|Any CPU
		Release|Any CPU = Release|Any CPU
	EndGlobalSection
	GlobalSection(ProjectConfigurationPlatforms) = postSolution
		{B5797A25-5437-4613-BD17-D5BFE76BBB02}.Debug|Any CPU.ActiveCfg = Debug|Any CPU
		{B5797A25-5437-4613-BD17-D5BFE76BBB02}.Debug|Any CPU.Build.0 = Debug|Any CPU
		{B5797A25-5437-4613-BD17-D5BFE76BBB02}.Release|Any CPU.ActiveCfg = Release|Any CPU
		{B5797A25-5437-4613-BD17-D5BFE76BBB02}.Release|Any CPU.Build.0 = Release|Any CPU
	EndGlobalSection
	GlobalSection(SolutionProperties) = preSolution
		HideSolutionNode = FALSE
	EndGlobalSection
	GlobalSection(ExtensibilityGlobals) = postSolution
		SolutionGuid = {0A47C5C7-4846-4399-AFC9-158F1D263B48}
	EndGlobalSection
EndGlobal
