
Microsoft Visual Studio Solution File, Format Version 12.00
# Visual Studio Version 16
VisualStudioVersion = 16.0.810.23
MinimumVisualStudioVersion = 10.0.40219.1
Project("{FAE04EC0-301F-11D3-BF4B-00C04F79EFBC}") = "UserService", "UserService.csproj", "{9E2AC577-7337-4E99-BB90-6C5301EE9921}"
EndProject
Global
	GlobalSection(SolutionConfigurationPlatforms) = preSolution
		Debug|Any CPU = Debug|Any CPU
		Release|Any CPU = Release|Any CPU
	EndGlobalSection
	GlobalSection(ProjectConfigurationPlatforms) = postSolution
		{9E2AC577-7337-4E99-BB90-6C5301EE9921}.Debug|Any CPU.ActiveCfg = Debug|Any CPU
		{9E2AC577-7337-4E99-BB90-6C5301EE9921}.Debug|Any CPU.Build.0 = Debug|Any CPU
		{9E2AC577-7337-4E99-BB90-6C5301EE9921}.Release|Any CPU.ActiveCfg = Release|Any CPU
		{9E2AC577-7337-4E99-BB90-6C5301EE9921}.Release|Any CPU.Build.0 = Release|Any CPU
	EndGlobalSection
	GlobalSection(SolutionProperties) = preSolution
		HideSolutionNode = FALSE
	EndGlobalSection
	GlobalSection(ExtensibilityGlobals) = postSolution
		SolutionGuid = {C32DB5EE-0DC5-4D62-BA4F-816DEF91EF1C}
	EndGlobalSection
EndGlobal
